github.com/rogpeppe/go-internal v1.13.1 h1:KvO1DLK/DRN07sQ1LQKScxyZJuNnedQ5/wKSR38lUII=
github.com/rogpeppe/go-internal v1.13.1/go.mod h1:uMEvuHeurkdAXX61udpOXGD/AzZDWNMNyH2VO9fmH0o=
github.com/rwxrob/bonzai v0.27.5 h1:5oLy64kPD2xeweaBHYhBK1/HB3pa5BCBxqhObYwlf2o=
github.com/rwxrob/bonzai v0.27.5/go.mod h1:htsKMwL3Nh8B1JhPo7WzBngteC+ZHkEBxSp/lBpUhNQ=
github.com/rwxrob/bonzai/comp v0.5.0 h1:nuDC2enOoRmvsMAs4JnDRKNt4Yotw1LbHdk1h/D+UxQ=
github.com/rwxrob/bonzai/comp v0.5.0/go.mod h1:1uRQB1tYMBuhTL1qey91X2yDWEMDTuDxXpjcvXCdBmQ=
github.com/rwxrob/bonzai/ds v0.1.1 h1:yC+GoUH/5TPt86qJmQRsD8OHuODJoDt9UgkWQM8yPzA=
github.com/rwxrob/bonzai/ds v0.1.1/go.mod h1:lMfjt9r8FsBDSzzZ/VtFSNIKuwhPPf9sfDi9C3x6sFo=
github.com/rwxrob/bonzai/edit v0.1.1 h1:N1bDFMEg0Ev97qIG8GSYbt6Mp2wzvDoq6ZVFb9hPsRs=
github.com/rwxrob/bonzai/edit v0.1.1/go.mod h1:z4rQox+84e+mceLQYupSnr/sg2kK0xomrF7RR7/mv/4=
github.com/rwxrob/bonzai/fn v0.3.0 h1:fvMiNdFOhzNkDthhtaxedxmgzB2z78WgLlDrb+AGGAU=
github.com/rwxrob/bonzai/fn v0.3.0/go.mod h1:oTKXxqyfC279EUrinI2eYtsuAYXnDy/chtquKmcPhtk=
github.com/rwxrob/bonzai/futil v0.1.0 h1:+NcdqV+F15q6YHCvRIU8WogvrfXCp0EI8TwMwNXjGqs=
github.com/rwxrob/bonzai/futil v0.1.0/go.mod h1:KPQjnEXMs/YD3ZEzHeiNc/AS9iU2dWIb6weTWktXUT8=
github.com/rwxrob/bonzai/is v0.2.0 h1:mw1pPE4GVNH34z9Cp4n0TcZFobtLANtVrTGSILyORJA=
github.com/rwxrob/bonzai/is v0.2.0/go.mod h1:nxuqAGGBVYyq3bwXI0cFEl0xoAFVUrSJE7QVw81A3u8=
github.com/rwxrob/bonzai/json v0.1.0 h1:TtXGLhe6eJTLtW/NjvgA73xjrl/Dcv1qYqktzLx2Ksk=
github.com/rwxrob/bonzai/json v0.1.0/go.mod h1:6gHFzs0Bjc8Ixv1VGRuO36YVO7Y9hSzjXj+DrMDqh7Y=
github.com/rwxrob/bonzai/run v0.6.1 h1:Ttc/FAf83h5YXRlznruGsFahLLW9VBr/FLBX3L7hbDk=
github.com/rwxrob/bonzai/run v0.6.1/go.mod h1:KhMNAJ3t78LDAHur60xiGA564UejG69PgV51k2QjXD8=
github.com/rwxrob/bonzai/scanner v0.1.0 h1:xPf5817Mt0lkm2GvygJIGBqq0sS7thvh5ceK3RjWhkQ=
github.com/rwxrob/bonzai/scanner v0.1.0/go.mod h1:JsWu2C9ytyKNzjYzDto89orF7iXk9qFXnOSh8ghAJQM=
github.com/rwxrob/bonzai/term v0.2.1 h1:MMJcZ+OQJIKYINWzrHImdJ3MHDlxd2liZ99uHaRZddw=
github.com/rwxrob/bonzai/term v0.2.1/go.mod h1:wjge/SBlsoVVMmMklnDb2uyeMFGxz7ouLwiJmEsv4Xw=
github.com/rwxrob/bonzai/to v0.1.0 h1:iZmGAvecuxtJpq/AMFQl1p/tG0+0FM/k0J9Sa2/Zdx0=
github.com/rwxrob/bonzai/to v0.1.0/go.mod h1:dU0IeP9LyqPdkQnbd2Qm4P0/ZYdS9ErXo8npNn/rH00=
github.com/rwxrob/bonzai/uniq v0.1.0 h1:xOlTWnaotslv1I0Nc+3+qXHxecoxNSROo871S2m3cq4=
github.com/rwxrob/bonzai/uniq v0.1.0/go.mod h1:RsSPso5Dhs1tYEjhuVA4b8DM5l0pQPhGebm8Lx5XHc8=
github.com/rwxrob/bonzai/vars v0.5.2 h1:F+lSFyZ4IPOoYJ6/3mpTo0wemehK7wab5VYBuIpUVUc=
github.com/rwxrob/bonzai/vars v0.5.2/go.mod h1:myck5Ejo6Z8isujygoK9L1aBeNB/5FRsKaTbo0rZtRg=
golang.org/x/crypto v0.28.0 h1:GBDwsMXVQi34v5CCYUm2jkJvu4cbtru2U4TN2PSyQnw=
golang.org/x/crypto v0.28.0/go.mod h1:rmgy+3RHxRZMyY0jjAJShp2zgEdOqj2AO7U0pYmeQ7U=
golang.org/x/mod v0.22.0 h1:D4nJWe9zXqHOmWqj4VMOJhvzj7bEZg4wEYa759z1pH4=
golang.org/x/mod v0.22.0/go.mod h1:6SkKJ3Xj0I0BrPOZoBy3bdMptDDU9oJrpohJ3eWZ1fY=
golang.org/x/sys v0.27.0 h1:wBqf8DvsY9Y/2P8gAfPDEYNuS30J4lPHJxXSb/nJZ+s=
golang.org/x/sys v0.27.0/go.mod h1:/VUhepiaJMQUp4+oa/7Zr1D23ma6VTLIYjOOTFZPUcA=
golang.org/x/term v0.25.0 h1:WtHI/ltw4NvSUig5KARz9h521QvRC8RmF/cuYqifU24=
golang.org/x/term v0.25.0/go.mod h1:RPyXicDX+6vLxogjjRxjgD2TKtmAO6NZBsBRfrOLu7M=
