github.com/rogpeppe/go-internal v1.13.1 h1:KvO1DLK/DRN07sQ1LQKScxyZJuNnedQ5/wKSR38lUII=
github.com/rogpeppe/go-internal v1.13.1/go.mod h1:uMEvuHeurkdAXX61udpOXGD/AzZDWNMNyH2VO9fmH0o=
github.com/rwxrob/bonzai v0.49.2 h1:UVdGvvk6iAc0BvBZzWiSUaBcc83lJX3kTwnps94Z+IA=
github.com/rwxrob/bonzai v0.49.2/go.mod h1:217QTdfv41+Dji8cAeko6oXcaPR9I31xvbOP9ksNx5U=
github.com/rwxrob/bonzai/futil v0.1.0 h1:+NcdqV+F15q6YHCvRIU8WogvrfXCp0EI8TwMwNXjGqs=
github.com/rwxrob/bonzai/futil v0.1.0/go.mod h1:KPQjnEXMs/YD3ZEzHeiNc/AS9iU2dWIb6weTWktXUT8=
github.com/rwxrob/bonzai/mark v0.6.0 h1:x2POAxKuqfTAP+t74DAtVb/kjxWz5gL6dr17KUXjtZ0=
github.com/rwxrob/bonzai/mark v0.6.0/go.mod h1:josFFovy/lQjm5dwT64MlCAtcWy58dp9ltXqRkww1nI=
github.com/rwxrob/bonzai/run v0.7.0 h1:rP1GPxkLocijBVEs58duMymKTiyQfbthfoAh7VoThG0=
github.com/rwxrob/bonzai/run v0.7.0/go.mod h1:KhMNAJ3t78LDAHur60xiGA564UejG69PgV51k2QjXD8=
github.com/rwxrob/bonzai/uniq v0.1.0 h1:xOlTWnaotslv1I0Nc+3+qXHxecoxNSROo871S2m3cq4=
github.com/rwxrob/bonzai/uniq v0.1.0/go.mod h1:RsSPso5Dhs1tYEjhuVA4b8DM5l0pQPhGebm8Lx5XHc8=
github.com/rwxrob/fn v0.4.0 h1:lUZEkELSFAlPhzrkNhgB/xoTkz9tv5op4g0QfggSZFg=
github.com/rwxrob/fn v0.4.0/go.mod h1:omPqOqEB+dDna09z5pi5YFxq4IZqDvv3wFPUCES5LvY=
github.com/rwxrob/pegn v0.2.1 h1:roE+SkNl66SLJkeEHowuds+0lUOjSlTHE8IDJuZZUNs=
github.com/rwxrob/pegn v0.2.1/go.mod h1:TyD3XS8ddVucs2gwMr1VhB2HbHiruzj6Ub67RZGTfMA=
github.com/rwxrob/structs v0.6.0 h1:t8JVd/Pee1OGaXgT6QYmGed470C9vOw6scdH8Cr5LPg=
github.com/rwxrob/structs v0.6.0/go.mod h1:txMfzPfEiIDNM5bwhzUqxr/1QQ3ekOuj3KLT8Nt1fA0=
github.com/rwxrob/to v0.12.1 h1:2x1SgNK2ixE7FhbDFK2fzlx3Y3qPIBcSFm/jivUzOQM=
github.com/rwxrob/to v0.12.1/go.mod h1:8+uSoxMWfTSY/KU57db87hWGZGsiVW0uSDZd7NAgInI=
