github.com/rogpeppe/go-internal v1.13.1 h1:KvO1DLK/DRN07sQ1LQKScxyZJuNnedQ5/wKSR38lUII=
github.com/rogpeppe/go-internal v1.13.1/go.mod h1:uMEvuHeurkdAXX61udpOXGD/AzZDWNMNyH2VO9fmH0o=
github.com/rwxrob/bonzai v0.50.0 h1:1WjfUYQV1EaJRqNX2R52+4FEPnYT76OmIyEzFb7moZI=
github.com/rwxrob/bonzai v0.50.0/go.mod h1:217QTdfv41+Dji8cAeko6oXcaPR9I31xvbOP9ksNx5U=
github.com/rwxrob/bonzai v0.56.4 h1:Xyu62tOFZb+mN1oVTIXps0QEDrtD0YQcGOyGufuzZPE=
github.com/rwxrob/bonzai v0.56.4/go.mod h1:217QTdfv41+Dji8cAeko6oXcaPR9I31xvbOP9ksNx5U=
github.com/rwxrob/bonzai/ds v0.1.1 h1:yC+GoUH/5TPt86qJmQRsD8OHuODJoDt9UgkWQM8yPzA=
github.com/rwxrob/bonzai/ds v0.1.1/go.mod h1:lMfjt9r8FsBDSzzZ/VtFSNIKuwhPPf9sfDi9C3x6sFo=
github.com/rwxrob/bonzai/fn v0.8.2 h1:th0470vtqB3mgXqgECNGpG738GFB9QNb5APGyY7QQFk=
github.com/rwxrob/bonzai/fn v0.8.2/go.mod h1:oTKXxqyfC279EUrinI2eYtsuAYXnDy/chtquKmcPhtk=
github.com/rwxrob/bonzai/fn v0.9.0 h1:8V5szq/rB5iYl+8YJjzI5kKXOkrnUdCCCHmCMqCghRQ=
github.com/rwxrob/bonzai/fn v0.9.0/go.mod h1:oTKXxqyfC279EUrinI2eYtsuAYXnDy/chtquKmcPhtk=
github.com/rwxrob/bonzai/futil v0.1.0 h1:+NcdqV+F15q6YHCvRIU8WogvrfXCp0EI8TwMwNXjGqs=
github.com/rwxrob/bonzai/futil v0.1.0/go.mod h1:KPQjnEXMs/YD3ZEzHeiNc/AS9iU2dWIb6weTWktXUT8=
github.com/rwxrob/bonzai/futil v0.4.0 h1:z642Vf9M1XIF5bVOybv8+MSXmfQf4rdFDNUgq+CCtdk=
github.com/rwxrob/bonzai/futil v0.4.0/go.mod h1:wobk3a1WuYjgqYZ+ezbjNupCpqaYceF2441M/FSm9GM=
github.com/rwxrob/bonzai/is v0.3.0 h1:bTUkpx2cj4JlKoap6RKAqix12SAP2h9H+BhhxQysnhg=
github.com/rwxrob/bonzai/is v0.3.0/go.mod h1:nxuqAGGBVYyq3bwXI0cFEl0xoAFVUrSJE7QVw81A3u8=
github.com/rwxrob/bonzai/mark v0.10.7 h1:bc77B34sHiovASQb3queoch6qKLmKTZaaS/KjU0iV/c=
github.com/rwxrob/bonzai/mark v0.10.7/go.mod h1:n0iqfTJGPBXBJBhSfEjrBiEO/NmxSyLPwvMah7i0kqU=
github.com/rwxrob/bonzai/run v0.7.0 h1:rP1GPxkLocijBVEs58duMymKTiyQfbthfoAh7VoThG0=
github.com/rwxrob/bonzai/run v0.7.0/go.mod h1:KhMNAJ3t78LDAHur60xiGA564UejG69PgV51k2QjXD8=
github.com/rwxrob/bonzai/scanner v0.1.0 h1:xPf5817Mt0lkm2GvygJIGBqq0sS7thvh5ceK3RjWhkQ=
github.com/rwxrob/bonzai/scanner v0.1.0/go.mod h1:JsWu2C9ytyKNzjYzDto89orF7iXk9qFXnOSh8ghAJQM=
github.com/rwxrob/bonzai/to v0.3.0 h1:kvaUizQJ2xRMKYWdtPqpMQaMiKfrYDO2DsEx4qUbB78=
github.com/rwxrob/bonzai/to v0.3.0/go.mod h1:Mi7H8ezLImb6NO4KG4oTMT9v526F2GK3W5epdB9QhuE=
github.com/rwxrob/bonzai/to v0.4.0 h1:Ijft42x/TVwcOe8XUh9j0pfnc/KXQN2FfS5wyH2QZxw=
github.com/rwxrob/bonzai/to v0.4.0/go.mod h1:ProJOc9G7ucgJMeZ72YPMczPHNrlSeWxXXrjKZYZ2jU=
github.com/rwxrob/bonzai/to v0.5.0 h1:tlHqZl5etrlGnN0/mX/A9GP8a0cTZH4nXjv8jpDKiKo=
github.com/rwxrob/bonzai/to v0.5.0/go.mod h1:ProJOc9G7ucgJMeZ72YPMczPHNrlSeWxXXrjKZYZ2jU=
github.com/rwxrob/bonzai/to v0.5.1 h1:SbpDurzNeioVbRLysv/pprJ58Q9zCfKYVzy/fJn1RGw=
github.com/rwxrob/bonzai/to v0.5.1/go.mod h1:ProJOc9G7ucgJMeZ72YPMczPHNrlSeWxXXrjKZYZ2jU=
github.com/rwxrob/bonzai/uniq v0.1.0 h1:xOlTWnaotslv1I0Nc+3+qXHxecoxNSROo871S2m3cq4=
github.com/rwxrob/bonzai/uniq v0.1.0/go.mod h1:RsSPso5Dhs1tYEjhuVA4b8DM5l0pQPhGebm8Lx5XHc8=
