github.com/rogpeppe/go-internal v1.13.1 h1:KvO1DLK/DRN07sQ1LQKScxyZJuNnedQ5/wKSR38lUII=
github.com/rogpeppe/go-internal v1.13.1/go.mod h1:uMEvuHeurkdAXX61udpOXGD/AzZDWNMNyH2VO9fmH0o=
github.com/rwxrob/bonzai v0.22.0 h1:UTQ3dHLTCQcB8eUPR/RBnsJrc8NT73mNX9zt17F/m3I=
github.com/rwxrob/bonzai v0.22.0/go.mod h1:Z3r0AaRB+ntWl1L4A+iw73M1E3vR7ewfxISOefxkk0g=
github.com/rwxrob/bonzai v0.22.3 h1:hGIoBv0UPsrxmx9ygA3q/tHlPQWcr2OEwVneubPrLJ8=
github.com/rwxrob/bonzai v0.22.3/go.mod h1:DzOyeZ87jppA3ASMmWwEWJntZ0kmdM7eNjpEWpgN/9k=
github.com/rwxrob/bonzai v0.23.1 h1:1wT5pIIYxkQbd/5t3mQWSzuovh/pyTBJldW6+8WXoLo=
github.com/rwxrob/bonzai v0.23.1/go.mod h1:e+HWMx7/Suul69R4Gm3oGTTtwGfvSWwSD/1+APBUra8=
github.com/rwxrob/bonzai v0.37.0 h1:s7FYdmSH/J6TD7WbM9kBiaSCJfqfpGsAydVL6p7OQBg=
github.com/rwxrob/bonzai v0.37.0/go.mod h1:1K+WJG9L4qPVL3OEKao7cW3XEByL4D8Y+Eme74eYszI=
github.com/rwxrob/bonzai v0.38.0 h1:PN6wDu+W0jhY4eEwxHjMXGzWL6v/ALjY/u8R0pNS/oc=
github.com/rwxrob/bonzai v0.38.0/go.mod h1:nieeh8h+NEY+nUkGuz5trOr0lMdZnEMTUFfgYJzuMr4=
github.com/rwxrob/bonzai v0.43.0 h1:QhTy7U7sZkSZLhO2MqwlYQ3rKO8NO/4Q+Gq1fBBvyOg=
github.com/rwxrob/bonzai v0.43.0/go.mod h1:217QTdfv41+Dji8cAeko6oXcaPR9I31xvbOP9ksNx5U=
github.com/rwxrob/bonzai/anim v0.1.0 h1:1ZwIKeQtdYDrQy5xYe/sNb5ljpQm46mWD7Feratxh6c=
github.com/rwxrob/bonzai/anim v0.1.0/go.mod h1:0o9zqf4WeCiuYXpvktoJ4th2TJakazSlRhEZ7DA2PTA=
github.com/rwxrob/bonzai/comp v0.1.1 h1:Pc0jcK7G3UK6xjuol4PghA5sWtSXfwqBYKL0GhIiM1E=
github.com/rwxrob/bonzai/comp v0.1.1/go.mod h1:aY6GgL/8UOjO5CPYQBYPd5AzaV8X4zP7JJOaHIAt4VI=
github.com/rwxrob/bonzai/comp v0.2.0 h1:QXob9NnY43IMgpL+7k24lwQBhQ8VkCF4/Fcsi0q8LTI=
github.com/rwxrob/bonzai/comp v0.2.0/go.mod h1:biknS/hK7NCpbqd/JWDKuukt2+BCQ1BjVOd0aKhcjOE=
github.com/rwxrob/bonzai/comp v0.6.0 h1:ABYy8Y5IIbYrv7yUUwvqdARV8C5gbtIeqTOs+EtlKZg=
github.com/rwxrob/bonzai/comp v0.6.0/go.mod h1:1uRQB1tYMBuhTL1qey91X2yDWEMDTuDxXpjcvXCdBmQ=
github.com/rwxrob/bonzai/comp v0.9.5 h1:6N9aIMlrazKhMCKwB76YWHedgGpdmrHgDPaBOC1gksE=
github.com/rwxrob/bonzai/comp v0.9.5/go.mod h1:+MNs1lxC9QSxyBp8AzefQ/wGN8X+kD3dxSY5x8s/qaA=
github.com/rwxrob/bonzai/ds v0.1.0 h1:KIEnKJYnt8QBeEewvUb5AqrjWMkbk/mERbneohEVaec=
github.com/rwxrob/bonzai/ds v0.1.0/go.mod h1:TXt50HVz1dDHhAwXe1K8p3bNX8tTbaDIvE0nC3tr0L0=
github.com/rwxrob/bonzai/ds v0.1.1 h1:yC+GoUH/5TPt86qJmQRsD8OHuODJoDt9UgkWQM8yPzA=
github.com/rwxrob/bonzai/ds v0.1.1/go.mod h1:lMfjt9r8FsBDSzzZ/VtFSNIKuwhPPf9sfDi9C3x6sFo=
github.com/rwxrob/bonzai/edit v0.1.1 h1:N1bDFMEg0Ev97qIG8GSYbt6Mp2wzvDoq6ZVFb9hPsRs=
github.com/rwxrob/bonzai/edit v0.1.1/go.mod h1:z4rQox+84e+mceLQYupSnr/sg2kK0xomrF7RR7/mv/4=
github.com/rwxrob/bonzai/fn v0.1.0 h1:RVuiED3s9dlxThWDduSw0nR4dkpAQNHM+dUj/kYNseU=
github.com/rwxrob/bonzai/fn v0.1.0/go.mod h1:7Il/56Y+M/vGs9W5GsUrnOR7amnFKwDD2kIdY5S0aA8=
github.com/rwxrob/bonzai/fn v0.6.0 h1:RtVpk+7s2fB2WzfjXecSwEug0OdG4znmHice7YxnRDM=
github.com/rwxrob/bonzai/fn v0.6.0/go.mod h1:oTKXxqyfC279EUrinI2eYtsuAYXnDy/chtquKmcPhtk=
github.com/rwxrob/bonzai/fn v0.8.2 h1:th0470vtqB3mgXqgECNGpG738GFB9QNb5APGyY7QQFk=
github.com/rwxrob/bonzai/fn v0.8.2/go.mod h1:oTKXxqyfC279EUrinI2eYtsuAYXnDy/chtquKmcPhtk=
github.com/rwxrob/bonzai/futil v0.1.0 h1:+NcdqV+F15q6YHCvRIU8WogvrfXCp0EI8TwMwNXjGqs=
github.com/rwxrob/bonzai/futil v0.1.0/go.mod h1:KPQjnEXMs/YD3ZEzHeiNc/AS9iU2dWIb6weTWktXUT8=
github.com/rwxrob/bonzai/is v0.1.0 h1:bKrRLKELNU0e77W9uiyhyBoiC4MDAHs+EYM/0q28kRI=
github.com/rwxrob/bonzai/is v0.1.0/go.mod h1:nxuqAGGBVYyq3bwXI0cFEl0xoAFVUrSJE7QVw81A3u8=
github.com/rwxrob/bonzai/is v0.3.0 h1:bTUkpx2cj4JlKoap6RKAqix12SAP2h9H+BhhxQysnhg=
github.com/rwxrob/bonzai/is v0.3.0/go.mod h1:nxuqAGGBVYyq3bwXI0cFEl0xoAFVUrSJE7QVw81A3u8=
github.com/rwxrob/bonzai/mark v0.1.0 h1:l7P+YX98plXI+jMtO7FOXndsSpVBu0HEZfG/xewxxKU=
github.com/rwxrob/bonzai/mark v0.1.0/go.mod h1:Ovll49Z3KDGC4QE0LK9m++5nUhJgLQFWK4Jr+3/xmRQ=
github.com/rwxrob/bonzai/mark v0.6.0 h1:x2POAxKuqfTAP+t74DAtVb/kjxWz5gL6dr17KUXjtZ0=
github.com/rwxrob/bonzai/mark v0.6.0/go.mod h1:josFFovy/lQjm5dwT64MlCAtcWy58dp9ltXqRkww1nI=
github.com/rwxrob/bonzai/run v0.1.0 h1:BKMcGRhqz7+hNZHzJMTsQLIOUVzYCzoG2VnuqBAMklU=
github.com/rwxrob/bonzai/run v0.1.0/go.mod h1:RHCFxeqxOOS+LEwKc7i1RXB6kYCP5WosjtKBGWs4+M0=
github.com/rwxrob/bonzai/run v0.2.0 h1:rUh2m6SBz3/yohPFEcWqxGQ2F+LGflm02twXC2D5O2U=
github.com/rwxrob/bonzai/run v0.2.0/go.mod h1:Z9AqCLAtTGq0FdjnxmB0XhGS9PH9krCL02LxHi2Hz7k=
github.com/rwxrob/bonzai/run v0.3.0 h1:8vlc42EEuXrwripX9MtYmvXWEBo9jsC0SzLwSJgTeV0=
github.com/rwxrob/bonzai/run v0.3.0/go.mod h1:oscljfSkrhA49cXo2juvDk3yB9ttLFm7gBYz/xWWX1I=
github.com/rwxrob/bonzai/run v0.3.1 h1:pwZbtD2gklnV/q0dvKsPlwOFxwwPw/sMT/ER5XQx+ac=
github.com/rwxrob/bonzai/run v0.3.1/go.mod h1:E+tamWYH6RktlPzx8Kh0xMCFemT9wAa+/rt57jmbLZk=
github.com/rwxrob/bonzai/run v0.5.0 h1:yWS2ghL5YnvjvwEjlwwp+Z4gLsG7tr8i98lDPZjb70c=
github.com/rwxrob/bonzai/run v0.5.0/go.mod h1:E+tamWYH6RktlPzx8Kh0xMCFemT9wAa+/rt57jmbLZk=
github.com/rwxrob/bonzai/run v0.6.1 h1:Ttc/FAf83h5YXRlznruGsFahLLW9VBr/FLBX3L7hbDk=
github.com/rwxrob/bonzai/run v0.6.1/go.mod h1:KhMNAJ3t78LDAHur60xiGA564UejG69PgV51k2QjXD8=
github.com/rwxrob/bonzai/run v0.7.0 h1:rP1GPxkLocijBVEs58duMymKTiyQfbthfoAh7VoThG0=
github.com/rwxrob/bonzai/run v0.7.0/go.mod h1:KhMNAJ3t78LDAHur60xiGA564UejG69PgV51k2QjXD8=
github.com/rwxrob/bonzai/scanner v0.1.0 h1:xPf5817Mt0lkm2GvygJIGBqq0sS7thvh5ceK3RjWhkQ=
github.com/rwxrob/bonzai/scanner v0.1.0/go.mod h1:JsWu2C9ytyKNzjYzDto89orF7iXk9qFXnOSh8ghAJQM=
github.com/rwxrob/bonzai/term v0.1.0 h1:Ax1I4X6onhDSJB2tVRF6ybzE8xj5w4e87vLBSKlKpdA=
github.com/rwxrob/bonzai/term v0.1.0/go.mod h1:wjge/SBlsoVVMmMklnDb2uyeMFGxz7ouLwiJmEsv4Xw=
github.com/rwxrob/bonzai/term v0.2.0 h1:l4WMV+5vKgWfb5N3RvkgQ/GrkLp1djtlUT2WXLyaEuA=
github.com/rwxrob/bonzai/term v0.2.0/go.mod h1:wjge/SBlsoVVMmMklnDb2uyeMFGxz7ouLwiJmEsv4Xw=
github.com/rwxrob/bonzai/term v0.2.1 h1:MMJcZ+OQJIKYINWzrHImdJ3MHDlxd2liZ99uHaRZddw=
github.com/rwxrob/bonzai/term v0.2.1/go.mod h1:wjge/SBlsoVVMmMklnDb2uyeMFGxz7ouLwiJmEsv4Xw=
github.com/rwxrob/bonzai/to v0.1.0 h1:iZmGAvecuxtJpq/AMFQl1p/tG0+0FM/k0J9Sa2/Zdx0=
github.com/rwxrob/bonzai/to v0.1.0/go.mod h1:dU0IeP9LyqPdkQnbd2Qm4P0/ZYdS9ErXo8npNn/rH00=
github.com/rwxrob/bonzai/to v0.2.0 h1:YvCOglLFmAJQuRxCtx3W4aPPel9taXm2ZLVuSad1GgI=
github.com/rwxrob/bonzai/to v0.2.0/go.mod h1:Mi7H8ezLImb6NO4KG4oTMT9v526F2GK3W5epdB9QhuE=
github.com/rwxrob/bonzai/uniq v0.1.0 h1:xOlTWnaotslv1I0Nc+3+qXHxecoxNSROo871S2m3cq4=
github.com/rwxrob/bonzai/uniq v0.1.0/go.mod h1:RsSPso5Dhs1tYEjhuVA4b8DM5l0pQPhGebm8Lx5XHc8=
github.com/rwxrob/bonzai/vars v0.1.0 h1:oKbqvieunvXqnaCvaipE/rHziLhRXsRV7V4F+qrg6EQ=
github.com/rwxrob/bonzai/vars v0.1.0/go.mod h1:eifeYgKOxSzZ2wWT1i9Z2M0tnvdvBEVRuBVFBfBInio=
github.com/rwxrob/bonzai/vars v0.1.1 h1:87mX2zGqKFMNcd4G9HPsHKIuQnec27dxRdpSWs0aRfw=
github.com/rwxrob/bonzai/vars v0.1.1/go.mod h1:t52NzN5xkRbbX6qTkFOQxWrdkOp53PD5Nvh/ILZvFw8=
github.com/rwxrob/bonzai/vars v0.2.1 h1:k8Qa5ofSzjXiGQAJvLbNCBuwF/VWUgehzgS0uGqSw/Y=
github.com/rwxrob/bonzai/vars v0.2.1/go.mod h1:6yk4SPV2hGo9gTp4Zhl22KmTRmHjCfSeLNe7M7lt5oQ=
github.com/rwxrob/bonzai/vars v0.9.0 h1:QuTHqZIO8FiVyPeBLM8Tm0XyWM0lSCzryjxTn+kPDbE=
github.com/rwxrob/bonzai/vars v0.9.0/go.mod h1:W6rFct16VhpjUHJk0wBHW1IJ4S1+8cN0U3Las68YxKU=
golang.org/x/crypto v0.28.0 h1:GBDwsMXVQi34v5CCYUm2jkJvu4cbtru2U4TN2PSyQnw=
golang.org/x/crypto v0.28.0/go.mod h1:rmgy+3RHxRZMyY0jjAJShp2zgEdOqj2AO7U0pYmeQ7U=
golang.org/x/crypto v0.29.0 h1:L5SG1JTTXupVV3n6sUqMTeWbjAyfPwoda2DLX8J8FrQ=
golang.org/x/crypto v0.29.0/go.mod h1:+F4F4N5hv6v38hfeYwTdx20oUvLLc+QfrE9Ax9HtgRg=
golang.org/x/sys v0.26.0 h1:KHjCJyddX0LoSTb3J+vWpupP9p0oznkqVk/IfjymZbo=
golang.org/x/sys v0.26.0/go.mod h1:/VUhepiaJMQUp4+oa/7Zr1D23ma6VTLIYjOOTFZPUcA=
golang.org/x/sys v0.27.0 h1:wBqf8DvsY9Y/2P8gAfPDEYNuS30J4lPHJxXSb/nJZ+s=
golang.org/x/sys v0.27.0/go.mod h1:/VUhepiaJMQUp4+oa/7Zr1D23ma6VTLIYjOOTFZPUcA=
golang.org/x/term v0.25.0 h1:WtHI/ltw4NvSUig5KARz9h521QvRC8RmF/cuYqifU24=
golang.org/x/term v0.25.0/go.mod h1:RPyXicDX+6vLxogjjRxjgD2TKtmAO6NZBsBRfrOLu7M=
golang.org/x/term v0.26.0 h1:WEQa6V3Gja/BhNxg540hBip/kkaYtRg3cxg4oXSw4AU=
golang.org/x/term v0.26.0/go.mod h1:Si5m1o57C5nBNQo5z1iq+XDijt21BDBDp2bK0QI8e3E=
