github.com/rogpeppe/go-internal v1.13.1 h1:KvO1DLK/DRN07sQ1LQKScxyZJuNnedQ5/wKSR38lUII=
github.com/rogpeppe/go-internal v1.13.1/go.mod h1:uMEvuHeurkdAXX61udpOXGD/AzZDWNMNyH2VO9fmH0o=
github.com/rwxrob/bonzai v0.45.1 h1:kkvVOLRbja3OnHyyQe0dyM0gEZTYIhnNPSjuCfqYYnk=
github.com/rwxrob/bonzai v0.45.1/go.mod h1:217QTdfv41+Dji8cAeko6oXcaPR9I31xvbOP9ksNx5U=
github.com/rwxrob/bonzai/comp v0.9.5 h1:6N9aIMlrazKhMCKwB76YWHedgGpdmrHgDPaBOC1gksE=
github.com/rwxrob/bonzai/comp v0.9.5/go.mod h1:+MNs1lxC9QSxyBp8AzefQ/wGN8X+kD3dxSY5x8s/qaA=
github.com/rwxrob/bonzai/ds v0.1.1 h1:yC+GoUH/5TPt86qJmQRsD8OHuODJoDt9UgkWQM8yPzA=
github.com/rwxrob/bonzai/ds v0.1.1/go.mod h1:lMfjt9r8FsBDSzzZ/VtFSNIKuwhPPf9sfDi9C3x6sFo=
github.com/rwxrob/bonzai/fn v0.8.2 h1:th0470vtqB3mgXqgECNGpG738GFB9QNb5APGyY7QQFk=
github.com/rwxrob/bonzai/fn v0.8.2/go.mod h1:oTKXxqyfC279EUrinI2eYtsuAYXnDy/chtquKmcPhtk=
github.com/rwxrob/bonzai/futil v0.1.0 h1:+NcdqV+F15q6YHCvRIU8WogvrfXCp0EI8TwMwNXjGqs=
github.com/rwxrob/bonzai/futil v0.1.0/go.mod h1:KPQjnEXMs/YD3ZEzHeiNc/AS9iU2dWIb6weTWktXUT8=
github.com/rwxrob/bonzai/is v0.3.0 h1:bTUkpx2cj4JlKoap6RKAqix12SAP2h9H+BhhxQysnhg=
github.com/rwxrob/bonzai/is v0.3.0/go.mod h1:nxuqAGGBVYyq3bwXI0cFEl0xoAFVUrSJE7QVw81A3u8=
github.com/rwxrob/bonzai/mark v0.10.4 h1:cOEgDOaHB70YWIPrNWzHCkOSZZ/ph++gtuFSrZy6fno=
github.com/rwxrob/bonzai/mark v0.10.4/go.mod h1:jFlH460G5NtwzO29HEgfIG2Nf3CbKTcMTlnoggw/0Mg=
github.com/rwxrob/bonzai/mark v0.10.5 h1:J6MW4gYdbY73BThXvgQlkk5tGKnjoBDQGtzNdFeid8A=
github.com/rwxrob/bonzai/mark v0.10.5/go.mod h1:jFlH460G5NtwzO29HEgfIG2Nf3CbKTcMTlnoggw/0Mg=
github.com/rwxrob/bonzai/mark/funcs v0.4.1 h1:fHwJUr8Tolp+DXid2kq69P6O5mvWYu5SfwfK0TlF1Rk=
github.com/rwxrob/bonzai/mark/funcs v0.4.1/go.mod h1:QJy9P2Q48iUc7ZOlL+OwtJIbU2BZLyhXHV5ScE2HiR8=
github.com/rwxrob/bonzai/run v0.7.0 h1:rP1GPxkLocijBVEs58duMymKTiyQfbthfoAh7VoThG0=
github.com/rwxrob/bonzai/run v0.7.0/go.mod h1:KhMNAJ3t78LDAHur60xiGA564UejG69PgV51k2QjXD8=
github.com/rwxrob/bonzai/scanner v0.1.0 h1:xPf5817Mt0lkm2GvygJIGBqq0sS7thvh5ceK3RjWhkQ=
github.com/rwxrob/bonzai/scanner v0.1.0/go.mod h1:JsWu2C9ytyKNzjYzDto89orF7iXk9qFXnOSh8ghAJQM=
github.com/rwxrob/bonzai/term v0.2.1 h1:MMJcZ+OQJIKYINWzrHImdJ3MHDlxd2liZ99uHaRZddw=
github.com/rwxrob/bonzai/term v0.2.1/go.mod h1:wjge/SBlsoVVMmMklnDb2uyeMFGxz7ouLwiJmEsv4Xw=
github.com/rwxrob/bonzai/to v0.2.0 h1:YvCOglLFmAJQuRxCtx3W4aPPel9taXm2ZLVuSad1GgI=
github.com/rwxrob/bonzai/to v0.2.0/go.mod h1:Mi7H8ezLImb6NO4KG4oTMT9v526F2GK3W5epdB9QhuE=
github.com/rwxrob/bonzai/uniq v0.1.0 h1:xOlTWnaotslv1I0Nc+3+qXHxecoxNSROo871S2m3cq4=
github.com/rwxrob/bonzai/uniq v0.1.0/go.mod h1:RsSPso5Dhs1tYEjhuVA4b8DM5l0pQPhGebm8Lx5XHc8=
github.com/rwxrob/fn v0.4.0 h1:lUZEkELSFAlPhzrkNhgB/xoTkz9tv5op4g0QfggSZFg=
github.com/rwxrob/fn v0.4.0/go.mod h1:omPqOqEB+dDna09z5pi5YFxq4IZqDvv3wFPUCES5LvY=
github.com/rwxrob/pegn v0.2.1 h1:roE+SkNl66SLJkeEHowuds+0lUOjSlTHE8IDJuZZUNs=
github.com/rwxrob/pegn v0.2.1/go.mod h1:TyD3XS8ddVucs2gwMr1VhB2HbHiruzj6Ub67RZGTfMA=
github.com/rwxrob/structs v0.6.0 h1:t8JVd/Pee1OGaXgT6QYmGed470C9vOw6scdH8Cr5LPg=
github.com/rwxrob/structs v0.6.0/go.mod h1:txMfzPfEiIDNM5bwhzUqxr/1QQ3ekOuj3KLT8Nt1fA0=
github.com/rwxrob/to v0.12.1 h1:2x1SgNK2ixE7FhbDFK2fzlx3Y3qPIBcSFm/jivUzOQM=
github.com/rwxrob/to v0.12.1/go.mod h1:8+uSoxMWfTSY/KU57db87hWGZGsiVW0uSDZd7NAgInI=
golang.org/x/crypto v0.29.0 h1:L5SG1JTTXupVV3n6sUqMTeWbjAyfPwoda2DLX8J8FrQ=
golang.org/x/crypto v0.29.0/go.mod h1:+F4F4N5hv6v38hfeYwTdx20oUvLLc+QfrE9Ax9HtgRg=
golang.org/x/sys v0.27.0 h1:wBqf8DvsY9Y/2P8gAfPDEYNuS30J4lPHJxXSb/nJZ+s=
golang.org/x/sys v0.27.0/go.mod h1:/VUhepiaJMQUp4+oa/7Zr1D23ma6VTLIYjOOTFZPUcA=
golang.org/x/term v0.26.0 h1:WEQa6V3Gja/BhNxg540hBip/kkaYtRg3cxg4oXSw4AU=
golang.org/x/term v0.26.0/go.mod h1:Si5m1o57C5nBNQo5z1iq+XDijt21BDBDp2bK0QI8e3E=
