github.com/rogpeppe/go-internal v1.13.1 h1:KvO1DLK/DRN07sQ1LQKScxyZJuNnedQ5/wKSR38lUII=
github.com/rogpeppe/go-internal v1.13.1/go.mod h1:uMEvuHeurkdAXX61udpOXGD/AzZDWNMNyH2VO9fmH0o=
github.com/rwxrob/bonzai/futil v0.1.0 h1:+NcdqV+F15q6YHCvRIU8WogvrfXCp0EI8TwMwNXjGqs=
github.com/rwxrob/bonzai/futil v0.1.0/go.mod h1:KPQjnEXMs/YD3ZEzHeiNc/AS9iU2dWIb6weTWktXUT8=
github.com/rwxrob/bonzai/term v0.2.1 h1:MMJcZ+OQJIKYINWzrHImdJ3MHDlxd2liZ99uHaRZddw=
github.com/rwxrob/bonzai/term v0.2.1/go.mod h1:wjge/SBlsoVVMmMklnDb2uyeMFGxz7ouLwiJmEsv4Xw=
github.com/rwxrob/bonzai/uniq v0.1.0 h1:xOlTWnaotslv1I0Nc+3+qXHxecoxNSROo871S2m3cq4=
github.com/rwxrob/bonzai/uniq v0.1.0/go.mod h1:RsSPso5Dhs1tYEjhuVA4b8DM5l0pQPhGebm8Lx5XHc8=
