github.com/rwxrob/bonzai/fn v0.0.1-beta.2 h1:I2N7ttNTveQEdKqFfdOP6kem490PCP1IHo3H7595Eq8=
github.com/rwxrob/bonzai/fn v0.0.1-beta.2/go.mod h1:7Il/56Y+M/vGs9W5GsUrnOR7amnFKwDD2kIdY5S0aA8=
github.com/rwxrob/bonzai/json v0.1.0 h1:TtXGLhe6eJTLtW/NjvgA73xjrl/Dcv1qYqktzLx2Ksk=
github.com/rwxrob/bonzai/json v0.1.0/go.mod h1:6gHFzs0Bjc8Ixv1VGRuO36YVO7Y9hSzjXj+DrMDqh7Y=
gopkg.in/check.v1 v0.0.0-20161208181325-20d25e280405 h1:yhCVgyC4o1eVCa2tZl7eS0r+SDo693bJlVdllGtEeKM=
gopkg.in/check.v1 v0.0.0-20161208181325-20d25e280405/go.mod h1:Co6ibVJAznAaIkqp8huTwlJQCZ016jof/cbN4VW5Yz0=
gopkg.in/yaml.v3 v3.0.1 h1:fxVm/GzAzEWqLHuvctI91KS9hhNmmWOoWu0XTYJS7CA=
gopkg.in/yaml.v3 v3.0.1/go.mod h1:K4uyk7z7BCEPqu6E+C64Yfv1cQ7kz7rIZviUmN+EgEM=
